// !$*UTF8*$!
{
	archiveVersion = 1;
	classes = {
	};
	objectVersion = 77;
	objects = {

/* Begin PBXBuildFile section */
		0A7450FF25331D46BD188FFD /* EstimatorStore.swift in Sources */ = {isa = PBXBuildFile; fileRef = 761BE0492FA5A3D700240423 /* EstimatorStore.swift */; };
		0FA5FEDEBD5100CB6CB61F41 /* CorridorCatalog.swift in Sources */ = {isa = PBXBuildFile; fileRef = 41E956458970E308B8BE375F /* CorridorCatalog.swift */; };
		2129BDA60C3ADB7F43821653 /* Schedule.swift in Sources */ = {isa = PBXBuildFile; fileRef = 3F04EE4B08BF8F29EF757F10 /* Schedule.swift */; };
		3BB2E814B91C2145B7D377CE /* Formatters.swift in Sources */ = {isa = PBXBuildFile; fileRef = 94EC8EE259D9BDD405AE49F0 /* Formatters.swift */; };
		3C41F8247EBA66F2D0BEFB52 /* DecimalJSON.swift in Sources */ = {isa = PBXBuildFile; fileRef = C7C20651B4D2497594353BC1 /* DecimalJSON.swift */; };
		4942220B9734ECBF6ADC96EF /* ThemePreference.swift in Sources */ = {isa = PBXBuildFile; fileRef = 1781FCDCB5976346662A1489 /* ThemePreference.swift */; };
		5160816964E9A356F0EFA811 /* estimate-23-15.json in Resources */ = {isa = PBXBuildFile; fileRef = 2FE1501CB15D4AB295A47B03 /* estimate-23-15.json */; };
		569B02DD9247B3F601C6BED7 /* APITypes.swift in Sources */ = {isa = PBXBuildFile; fileRef = 6D75E10E324DAC0552717B31 /* APITypes.swift */; };
		58DC1E005480D051CF6597AD /* EstimateDecodingTests.swift in Sources */ = {isa = PBXBuildFile; fileRef = 18633287085569E2E3FF9B68 /* EstimateDecodingTests.swift */; };
		7C3F7E65940E8A356EAB9F45 /* TollAPIClient.swift in Sources */ = {isa = PBXBuildFile; fileRef = 39C6833F5B7B9415B9C9380A /* TollAPIClient.swift */; };
		7C61CC9960AE5E3117088282 /* CatalogTests.swift in Sources */ = {isa = PBXBuildFile; fileRef = 19BDCB624E448EFE31522C71 /* CatalogTests.swift */; };
		96B84F2D1EC4C138E1090EDD /* estimate-zero.json in Resources */ = {isa = PBXBuildFile; fileRef = 7F313AD6A82EA278B2479516 /* estimate-zero.json */; };
		9F1BF0F9826871D4F7809399 /* RootView.swift in Sources */ = {isa = PBXBuildFile; fileRef = 120477A997C5664BAD255F3E /* RootView.swift */; };
		B1284B38AAB3B0D23C2B686F /* QuoteCardView.swift in Sources */ = {isa = PBXBuildFile; fileRef = E5765D0410286CEC88AEDFCF /* QuoteCardView.swift */; };
		BC3565A3A9E89A61CE5BBCEF /* VAExpressTollsApp.swift in Sources */ = {isa = PBXBuildFile; fileRef = 631B69F7C76D4CF865AAF345 /* VAExpressTollsApp.swift */; };
		BD48FCCA1F790EB943C4EEBD /* TripFormView.swift in Sources */ = {isa = PBXBuildFile; fileRef = F353EB421CF947AF6FC884D2 /* TripFormView.swift */; };
		CE9403531041F637AB632923 /* Assets.xcassets in Resources */ = {isa = PBXBuildFile; fileRef = 0536EE3E4EF18E868B3ACC67 /* Assets.xcassets */; };
		D54AECBD606D309ED50D63A6 /* RulesSection.swift in Sources */ = {isa = PBXBuildFile; fileRef = 77262FC3E7FA73FE979C3064 /* RulesSection.swift */; };
		DC7E449E84908AE0E28CB572 /* ScheduleTests.swift in Sources */ = {isa = PBXBuildFile; fileRef = D6ADC8523640B667EDF0FFAC /* ScheduleTests.swift */; };
		E1332359D5C28A85B1D8ACD0 /* estimate-null-total.json in Resources */ = {isa = PBXBuildFile; fileRef = F980C1A89FC84C0736C00E86 /* estimate-null-total.json */; };
/* End PBXBuildFile section */

/* Begin PBXContainerItemProxy section */
		F0412C63D9F8CD985E403106 /* PBXContainerItemProxy */ = {
			isa = PBXContainerItemProxy;
			containerPortal = 04092B6E3816858EC5442AF6 /* Project object */;
			proxyType = 1;
			remoteGlobalIDString = C91095354BCF5814A89ABDFF;
			remoteInfo = VAExpressTolls;
		};
/* End PBXContainerItemProxy section */

/* Begin PBXFileReference section */
		0536EE3E4EF18E868B3ACC67 /* Assets.xcassets */ = {isa = PBXFileReference; lastKnownFileType = folder.assetcatalog; path = Assets.xcassets; sourceTree = "<group>"; };
		120477A997C5664BAD255F3E /* RootView.swift */ = {isa = PBXFileReference; lastKnownFileType = sourcecode.swift; path = RootView.swift; sourceTree = "<group>"; };
		1781FCDCB5976346662A1489 /* ThemePreference.swift */ = {isa = PBXFileReference; lastKnownFileType = sourcecode.swift; path = ThemePreference.swift; sourceTree = "<group>"; };
		18633287085569E2E3FF9B68 /* EstimateDecodingTests.swift */ = {isa = PBXFileReference; lastKnownFileType = sourcecode.swift; path = EstimateDecodingTests.swift; sourceTree = "<group>"; };
		19BDCB624E448EFE31522C71 /* CatalogTests.swift */ = {isa = PBXFileReference; lastKnownFileType = sourcecode.swift; path = CatalogTests.swift; sourceTree = "<group>"; };
		2FE1501CB15D4AB295A47B03 /* estimate-23-15.json */ = {isa = PBXFileReference; lastKnownFileType = text.json; path = "estimate-23-15.json"; sourceTree = "<group>"; };
		39C6833F5B7B9415B9C9380A /* TollAPIClient.swift */ = {isa = PBXFileReference; lastKnownFileType = sourcecode.swift; path = TollAPIClient.swift; sourceTree = "<group>"; };
		3F04EE4B08BF8F29EF757F10 /* Schedule.swift */ = {isa = PBXFileReference; lastKnownFileType = sourcecode.swift; path = Schedule.swift; sourceTree = "<group>"; };
		41E956458970E308B8BE375F /* CorridorCatalog.swift */ = {isa = PBXFileReference; lastKnownFileType = sourcecode.swift; path = CorridorCatalog.swift; sourceTree = "<group>"; };
		4F04A0C4E52246219160E85C /* Info.plist */ = {isa = PBXFileReference; lastKnownFileType = text.plist; path = Info.plist; sourceTree = "<group>"; };
		631B69F7C76D4CF865AAF345 /* VAExpressTollsApp.swift */ = {isa = PBXFileReference; lastKnownFileType = sourcecode.swift; path = VAExpressTollsApp.swift; sourceTree = "<group>"; };
		6D75E10E324DAC0552717B31 /* APITypes.swift */ = {isa = PBXFileReference; lastKnownFileType = sourcecode.swift; path = APITypes.swift; sourceTree = "<group>"; };
		761BE0492FA5A3D700240423 /* EstimatorStore.swift */ = {isa = PBXFileReference; lastKnownFileType = sourcecode.swift; path = EstimatorStore.swift; sourceTree = "<group>"; };
		77262FC3E7FA73FE979C3064 /* RulesSection.swift */ = {isa = PBXFileReference; lastKnownFileType = sourcecode.swift; path = RulesSection.swift; sourceTree = "<group>"; };
		7F313AD6A82EA278B2479516 /* estimate-zero.json */ = {isa = PBXFileReference; lastKnownFileType = text.json; path = "estimate-zero.json"; sourceTree = "<group>"; };
		94EC8EE259D9BDD405AE49F0 /* Formatters.swift */ = {isa = PBXFileReference; lastKnownFileType = sourcecode.swift; path = Formatters.swift; sourceTree = "<group>"; };
		C7C20651B4D2497594353BC1 /* DecimalJSON.swift */ = {isa = PBXFileReference; lastKnownFileType = sourcecode.swift; path = DecimalJSON.swift; sourceTree = "<group>"; };
		D6ADC8523640B667EDF0FFAC /* ScheduleTests.swift */ = {isa = PBXFileReference; lastKnownFileType = sourcecode.swift; path = ScheduleTests.swift; sourceTree = "<group>"; };
		D8ADD97597CCE3DA80FBA953 /* VAExpressTollsTests.xctest */ = {isa = PBXFileReference; includeInIndex = 0; lastKnownFileType = wrapper.cfbundle; path = VAExpressTollsTests.xctest; sourceTree = BUILT_PRODUCTS_DIR; };
		DE0EB364B042C4BA0F7EB8C8 /* VAExpressTolls.app */ = {isa = PBXFileReference; includeInIndex = 0; lastKnownFileType = wrapper.application; path = VAExpressTolls.app; sourceTree = BUILT_PRODUCTS_DIR; };
		E5765D0410286CEC88AEDFCF /* QuoteCardView.swift */ = {isa = PBXFileReference; lastKnownFileType = sourcecode.swift; path = QuoteCardView.swift; sourceTree = "<group>"; };
		F353EB421CF947AF6FC884D2 /* TripFormView.swift */ = {isa = PBXFileReference; lastKnownFileType = sourcecode.swift; path = TripFormView.swift; sourceTree = "<group>"; };
		F980C1A89FC84C0736C00E86 /* estimate-null-total.json */ = {isa = PBXFileReference; lastKnownFileType = text.json; path = "estimate-null-total.json"; sourceTree = "<group>"; };
/* End PBXFileReference section */

/* Begin PBXGroup section */
		05298C32F7E0BDCD5C744BBB /* VAExpressTollsTests */ = {
			isa = PBXGroup;
			children = (
				19BDCB624E448EFE31522C71 /* CatalogTests.swift */,
				18633287085569E2E3FF9B68 /* EstimateDecodingTests.swift */,
				D6ADC8523640B667EDF0FFAC /* ScheduleTests.swift */,
				7F53567BE79D5F37885F04DB /* Fixtures */,
			);
			path = VAExpressTollsTests;
			sourceTree = "<group>";
		};
		0F5EB8C75B7259451BD2AC80 /* Products */ = {
			isa = PBXGroup;
			children = (
				DE0EB364B042C4BA0F7EB8C8 /* VAExpressTolls.app */,
				D8ADD97597CCE3DA80FBA953 /* VAExpressTollsTests.xctest */,
			);
			name = Products;
			sourceTree = "<group>";
		};
		2AF36A1072F6636BD5463B65 /* API */ = {
			isa = PBXGroup;
			children = (
				39C6833F5B7B9415B9C9380A /* TollAPIClient.swift */,
			);
			path = API;
			sourceTree = "<group>";
		};
		356D06D32CC23211E9D79324 /* Store */ = {
			isa = PBXGroup;
			children = (
				761BE0492FA5A3D700240423 /* EstimatorStore.swift */,
				1781FCDCB5976346662A1489 /* ThemePreference.swift */,
			);
			path = Store;
			sourceTree = "<group>";
		};
		7F53567BE79D5F37885F04DB /* Fixtures */ = {
			isa = PBXGroup;
			children = (
				2FE1501CB15D4AB295A47B03 /* estimate-23-15.json */,
				F980C1A89FC84C0736C00E86 /* estimate-null-total.json */,
				7F313AD6A82EA278B2479516 /* estimate-zero.json */,
			);
			path = Fixtures;
			sourceTree = "<group>";
		};
		A669CB4DD770761651009D0B /* Catalog */ = {
			isa = PBXGroup;
			children = (
				41E956458970E308B8BE375F /* CorridorCatalog.swift */,
				3F04EE4B08BF8F29EF757F10 /* Schedule.swift */,
			);
			path = Catalog;
			sourceTree = "<group>";
		};
		B6FD30271BB37C9488065205 = {
			isa = PBXGroup;
			children = (
				CB7352D3D798E3BE19D89E55 /* VAExpressTolls */,
				05298C32F7E0BDCD5C744BBB /* VAExpressTollsTests */,
				0F5EB8C75B7259451BD2AC80 /* Products */,
			);
			sourceTree = "<group>";
		};
		B8DE29413DB9E01B8F8BB1C4 /* Views */ = {
			isa = PBXGroup;
			children = (
				94EC8EE259D9BDD405AE49F0 /* Formatters.swift */,
				E5765D0410286CEC88AEDFCF /* QuoteCardView.swift */,
				120477A997C5664BAD255F3E /* RootView.swift */,
				77262FC3E7FA73FE979C3064 /* RulesSection.swift */,
				F353EB421CF947AF6FC884D2 /* TripFormView.swift */,
			);
			path = Views;
			sourceTree = "<group>";
		};
		CB7352D3D798E3BE19D89E55 /* VAExpressTolls */ = {
			isa = PBXGroup;
			children = (
				0536EE3E4EF18E868B3ACC67 /* Assets.xcassets */,
				4F04A0C4E52246219160E85C /* Info.plist */,
				631B69F7C76D4CF865AAF345 /* VAExpressTollsApp.swift */,
				2AF36A1072F6636BD5463B65 /* API */,
				A669CB4DD770761651009D0B /* Catalog */,
				E1BDB52FCF46B2F759379110 /* Domain */,
				356D06D32CC23211E9D79324 /* Store */,
				B8DE29413DB9E01B8F8BB1C4 /* Views */,
			);
			path = VAExpressTolls;
			sourceTree = "<group>";
		};
		E1BDB52FCF46B2F759379110 /* Domain */ = {
			isa = PBXGroup;
			children = (
				6D75E10E324DAC0552717B31 /* APITypes.swift */,
				C7C20651B4D2497594353BC1 /* DecimalJSON.swift */,
			);
			path = Domain;
			sourceTree = "<group>";
		};
/* End PBXGroup section */

/* Begin PBXNativeTarget section */
		0793DDD4121546630525CA7D /* VAExpressTollsTests */ = {
			isa = PBXNativeTarget;
			buildConfigurationList = EA3FE9CA3CC5573563647FA5 /* Build configuration list for PBXNativeTarget "VAExpressTollsTests" */;
			buildPhases = (
				7507EA503767CAD399795990 /* Sources */,
				179529104E1AB683E7676A07 /* Resources */,
			);
			buildRules = (
			);
			dependencies = (
				E0D99B2C503D8F7B338DACD9 /* PBXTargetDependency */,
			);
			name = VAExpressTollsTests;
			packageProductDependencies = (
			);
			productName = VAExpressTollsTests;
			productReference = D8ADD97597CCE3DA80FBA953 /* VAExpressTollsTests.xctest */;
			productType = "com.apple.product-type.bundle.unit-test";
		};
		C91095354BCF5814A89ABDFF /* VAExpressTolls */ = {
			isa = PBXNativeTarget;
			buildConfigurationList = 44C7B76F4D4698CD1FDC4996 /* Build configuration list for PBXNativeTarget "VAExpressTolls" */;
			buildPhases = (
				33710C912A4DFBD2FF51037D /* Sources */,
				0E9059BA284154E3E02B81B2 /* Resources */,
			);
			buildRules = (
			);
			dependencies = (
			);
			name = VAExpressTolls;
			packageProductDependencies = (
			);
			productName = VAExpressTolls;
			productReference = DE0EB364B042C4BA0F7EB8C8 /* VAExpressTolls.app */;
			productType = "com.apple.product-type.application";
		};
/* End PBXNativeTarget section */

/* Begin PBXProject section */
		04092B6E3816858EC5442AF6 /* Project object */ = {
			isa = PBXProject;
			attributes = {
				BuildIndependentTargetsInParallel = YES;
				LastUpgradeCheck = 1430;
				TargetAttributes = {
				};
			};
			buildConfigurationList = 2818039BC90D3A375101356B /* Build configuration list for PBXProject "VAExpressTolls" */;
			developmentRegion = en;
			hasScannedForEncodings = 0;
			knownRegions = (
				Base,
				en,
			);
			mainGroup = B6FD30271BB37C9488065205;
			minimizedProjectReferenceProxies = 1;
			preferredProjectObjectVersion = 77;
			productRefGroup = 0F5EB8C75B7259451BD2AC80 /* Products */;
			projectDirPath = "";
			projectRoot = "";
			targets = (
				C91095354BCF5814A89ABDFF /* VAExpressTolls */,
				0793DDD4121546630525CA7D /* VAExpressTollsTests */,
			);
		};
/* End PBXProject section */

/* Begin PBXResourcesBuildPhase section */
		0E9059BA284154E3E02B81B2 /* Resources */ = {
			isa = PBXResourcesBuildPhase;
			buildActionMask = 2147483647;
			files = (
				CE9403531041F637AB632923 /* Assets.xcassets in Resources */,
			);
			runOnlyForDeploymentPostprocessing = 0;
		};
		179529104E1AB683E7676A07 /* Resources */ = {
			isa = PBXResourcesBuildPhase;
			buildActionMask = 2147483647;
			files = (
				5160816964E9A356F0EFA811 /* estimate-23-15.json in Resources */,
				E1332359D5C28A85B1D8ACD0 /* estimate-null-total.json in Resources */,
				96B84F2D1EC4C138E1090EDD /* estimate-zero.json in Resources */,
			);
			runOnlyForDeploymentPostprocessing = 0;
		};
/* End PBXResourcesBuildPhase section */

/* Begin PBXSourcesBuildPhase section */
		33710C912A4DFBD2FF51037D /* Sources */ = {
			isa = PBXSourcesBuildPhase;
			buildActionMask = 2147483647;
			files = (
				569B02DD9247B3F601C6BED7 /* APITypes.swift in Sources */,
				0FA5FEDEBD5100CB6CB61F41 /* CorridorCatalog.swift in Sources */,
				3C41F8247EBA66F2D0BEFB52 /* DecimalJSON.swift in Sources */,
				0A7450FF25331D46BD188FFD /* EstimatorStore.swift in Sources */,
				3BB2E814B91C2145B7D377CE /* Formatters.swift in Sources */,
				B1284B38AAB3B0D23C2B686F /* QuoteCardView.swift in Sources */,
				9F1BF0F9826871D4F7809399 /* RootView.swift in Sources */,
				D54AECBD606D309ED50D63A6 /* RulesSection.swift in Sources */,
				2129BDA60C3ADB7F43821653 /* Schedule.swift in Sources */,
				4942220B9734ECBF6ADC96EF /* ThemePreference.swift in Sources */,
				7C3F7E65940E8A356EAB9F45 /* TollAPIClient.swift in Sources */,
				BD48FCCA1F790EB943C4EEBD /* TripFormView.swift in Sources */,
				BC3565A3A9E89A61CE5BBCEF /* VAExpressTollsApp.swift in Sources */,
			);
			runOnlyForDeploymentPostprocessing = 0;
		};
		7507EA503767CAD399795990 /* Sources */ = {
			isa = PBXSourcesBuildPhase;
			buildActionMask = 2147483647;
			files = (
				7C61CC9960AE5E3117088282 /* CatalogTests.swift in Sources */,
				58DC1E005480D051CF6597AD /* EstimateDecodingTests.swift in Sources */,
				DC7E449E84908AE0E28CB572 /* ScheduleTests.swift in Sources */,
			);
			runOnlyForDeploymentPostprocessing = 0;
		};
/* End PBXSourcesBuildPhase section */

/* Begin PBXTargetDependency section */
		E0D99B2C503D8F7B338DACD9 /* PBXTargetDependency */ = {
			isa = PBXTargetDependency;
			target = C91095354BCF5814A89ABDFF /* VAExpressTolls */;
			targetProxy = F0412C63D9F8CD985E403106 /* PBXContainerItemProxy */;
		};
/* End PBXTargetDependency section */

/* Begin XCBuildConfiguration section */
		0C1956529A241F28A29B918A /* Release */ = {
			isa = XCBuildConfiguration;
			buildSettings = {
				ASSETCATALOG_COMPILER_APPICON_NAME = AppIcon;
				CODE_SIGNING_REQUIRED = NO;
				CODE_SIGN_IDENTITY = "-";
				CURRENT_PROJECT_VERSION = 1;
				GENERATE_INFOPLIST_FILE = NO;
				INFOPLIST_FILE = VAExpressTolls/Info.plist;
				LD_RUNPATH_SEARCH_PATHS = (
					"$(inherited)",
					"@executable_path/Frameworks",
				);
				MARKETING_VERSION = 1.0;
				PRODUCT_BUNDLE_IDENTIFIER = com.normanau.vaExpressTolls;
				PRODUCT_NAME = VAExpressTolls;
				SDKROOT = iphoneos;
				TARGETED_DEVICE_FAMILY = "1,2";
			};
			name = Release;
		};
		1CD8FCD5C6B10AC85D0E4FC7 /* Release */ = {
			isa = XCBuildConfiguration;
			buildSettings = {
				ALWAYS_SEARCH_USER_PATHS = NO;
				CLANG_ANALYZER_NONNULL = YES;
				CLANG_ANALYZER_NUMBER_OBJECT_CONVERSION = YES_AGGRESSIVE;
				CLANG_CXX_LANGUAGE_STANDARD = "gnu++14";
				CLANG_CXX_LIBRARY = "libc++";
				CLANG_ENABLE_MODULES = YES;
				CLANG_ENABLE_OBJC_ARC = YES;
				CLANG_ENABLE_OBJC_WEAK = YES;
				CLANG_WARN_BLOCK_CAPTURE_AUTORELEASING = YES;
				CLANG_WARN_BOOL_CONVERSION = YES;
				CLANG_WARN_COMMA = YES;
				CLANG_WARN_CONSTANT_CONVERSION = YES;
				CLANG_WARN_DEPRECATED_OBJC_IMPLEMENTATIONS = YES;
				CLANG_WARN_DIRECT_OBJC_ISA_USAGE = YES_ERROR;
				CLANG_WARN_DOCUMENTATION_COMMENTS = YES;
				CLANG_WARN_EMPTY_BODY = YES;
				CLANG_WARN_ENUM_CONVERSION = YES;
				CLANG_WARN_INFINITE_RECURSION = YES;
				CLANG_WARN_INT_CONVERSION = YES;
				CLANG_WARN_NON_LITERAL_NULL_CONVERSION = YES;
				CLANG_WARN_OBJC_IMPLICIT_RETAIN_SELF = YES;
				CLANG_WARN_OBJC_LITERAL_CONVERSION = YES;
				CLANG_WARN_OBJC_ROOT_CLASS = YES_ERROR;
				CLANG_WARN_QUOTED_INCLUDE_IN_FRAMEWORK_HEADER = YES;
				CLANG_WARN_RANGE_LOOP_ANALYSIS = YES;
				CLANG_WARN_STRICT_PROTOTYPES = YES;
				CLANG_WARN_SUSPICIOUS_MOVE = YES;
				CLANG_WARN_UNGUARDED_AVAILABILITY = YES_AGGRESSIVE;
				CLANG_WARN_UNREACHABLE_CODE = YES;
				CLANG_WARN__DUPLICATE_METHOD_MATCH = YES;
				COPY_PHASE_STRIP = NO;
				DEBUG_INFORMATION_FORMAT = "dwarf-with-dsym";
				ENABLE_NS_ASSERTIONS = NO;
				ENABLE_STRICT_OBJC_MSGSEND = YES;
				GCC_C_LANGUAGE_STANDARD = gnu11;
				GCC_NO_COMMON_BLOCKS = YES;
				GCC_WARN_64_TO_32_BIT_CONVERSION = YES;
				GCC_WARN_ABOUT_RETURN_TYPE = YES_ERROR;
				GCC_WARN_UNDECLARED_SELECTOR = YES;
				GCC_WARN_UNINITIALIZED_AUTOS = YES_AGGRESSIVE;
				GCC_WARN_UNUSED_FUNCTION = YES;
				GCC_WARN_UNUSED_VARIABLE = YES;
				IPHONEOS_DEPLOYMENT_TARGET = 17.0;
				MTL_ENABLE_DEBUG_INFO = NO;
				MTL_FAST_MATH = YES;
				PRODUCT_NAME = "$(TARGET_NAME)";
				SDKROOT = iphoneos;
				SWIFT_COMPILATION_MODE = wholemodule;
				SWIFT_OPTIMIZATION_LEVEL = "-O";
				SWIFT_STRICT_CONCURRENCY = complete;
				SWIFT_VERSION = 6.0;
				TARGETED_DEVICE_FAMILY = 1;
			};
			name = Release;
		};
		5BD560AF300510EA39D06A9B /* Debug */ = {
			isa = XCBuildConfiguration;
			buildSettings = {
				BUNDLE_LOADER = "$(TEST_HOST)";
				CODE_SIGNING_REQUIRED = NO;
				CODE_SIGN_IDENTITY = "-";
				GENERATE_INFOPLIST_FILE = YES;
				LD_RUNPATH_SEARCH_PATHS = (
					"$(inherited)",
					"@executable_path/Frameworks",
					"@loader_path/Frameworks",
				);
				PRODUCT_BUNDLE_IDENTIFIER = com.normanau.vaExpressTolls.tests;
				SDKROOT = iphoneos;
				TARGETED_DEVICE_FAMILY = "1,2";
				TEST_HOST = "$(BUILT_PRODUCTS_DIR)/VAExpressTolls.app/VAExpressTolls";
			};
			name = Debug;
		};
		6BC1902FB6458C963852BB0C /* Debug */ = {
			isa = XCBuildConfiguration;
			buildSettings = {
				ALWAYS_SEARCH_USER_PATHS = NO;
				CLANG_ANALYZER_NONNULL = YES;
				CLANG_ANALYZER_NUMBER_OBJECT_CONVERSION = YES_AGGRESSIVE;
				CLANG_CXX_LANGUAGE_STANDARD = "gnu++14";
				CLANG_CXX_LIBRARY = "libc++";
				CLANG_ENABLE_MODULES = YES;
				CLANG_ENABLE_OBJC_ARC = YES;
				CLANG_ENABLE_OBJC_WEAK = YES;
				CLANG_WARN_BLOCK_CAPTURE_AUTORELEASING = YES;
				CLANG_WARN_BOOL_CONVERSION = YES;
				CLANG_WARN_COMMA = YES;
				CLANG_WARN_CONSTANT_CONVERSION = YES;
				CLANG_WARN_DEPRECATED_OBJC_IMPLEMENTATIONS = YES;
				CLANG_WARN_DIRECT_OBJC_ISA_USAGE = YES_ERROR;
				CLANG_WARN_DOCUMENTATION_COMMENTS = YES;
				CLANG_WARN_EMPTY_BODY = YES;
				CLANG_WARN_ENUM_CONVERSION = YES;
				CLANG_WARN_INFINITE_RECURSION = YES;
				CLANG_WARN_INT_CONVERSION = YES;
				CLANG_WARN_NON_LITERAL_NULL_CONVERSION = YES;
				CLANG_WARN_OBJC_IMPLICIT_RETAIN_SELF = YES;
				CLANG_WARN_OBJC_LITERAL_CONVERSION = YES;
				CLANG_WARN_OBJC_ROOT_CLASS = YES_ERROR;
				CLANG_WARN_QUOTED_INCLUDE_IN_FRAMEWORK_HEADER = YES;
				CLANG_WARN_RANGE_LOOP_ANALYSIS = YES;
				CLANG_WARN_STRICT_PROTOTYPES = YES;
				CLANG_WARN_SUSPICIOUS_MOVE = YES;
				CLANG_WARN_UNGUARDED_AVAILABILITY = YES_AGGRESSIVE;
				CLANG_WARN_UNREACHABLE_CODE = YES;
				CLANG_WARN__DUPLICATE_METHOD_MATCH = YES;
				COPY_PHASE_STRIP = NO;
				DEBUG_INFORMATION_FORMAT = dwarf;
				ENABLE_STRICT_OBJC_MSGSEND = YES;
				ENABLE_TESTABILITY = YES;
				GCC_C_LANGUAGE_STANDARD = gnu11;
				GCC_DYNAMIC_NO_PIC = NO;
				GCC_NO_COMMON_BLOCKS = YES;
				GCC_OPTIMIZATION_LEVEL = 0;
				GCC_PREPROCESSOR_DEFINITIONS = (
					"$(inherited)",
					"DEBUG=1",
				);
				GCC_WARN_64_TO_32_BIT_CONVERSION = YES;
				GCC_WARN_ABOUT_RETURN_TYPE = YES_ERROR;
				GCC_WARN_UNDECLARED_SELECTOR = YES;
				GCC_WARN_UNINITIALIZED_AUTOS = YES_AGGRESSIVE;
				GCC_WARN_UNUSED_FUNCTION = YES;
				GCC_WARN_UNUSED_VARIABLE = YES;
				IPHONEOS_DEPLOYMENT_TARGET = 17.0;
				MTL_ENABLE_DEBUG_INFO = INCLUDE_SOURCE;
				MTL_FAST_MATH = YES;
				ONLY_ACTIVE_ARCH = YES;
				PRODUCT_NAME = "$(TARGET_NAME)";
				SDKROOT = iphoneos;
				SWIFT_ACTIVE_COMPILATION_CONDITIONS = DEBUG;
				SWIFT_OPTIMIZATION_LEVEL = "-Onone";
				SWIFT_STRICT_CONCURRENCY = complete;
				SWIFT_VERSION = 6.0;
				TARGETED_DEVICE_FAMILY = 1;
			};
			name = Debug;
		};
		BE71F4D5E6AF4F1E16E73560 /* Debug */ = {
			isa = XCBuildConfiguration;
			buildSettings = {
				ASSETCATALOG_COMPILER_APPICON_NAME = AppIcon;
				CODE_SIGNING_REQUIRED = NO;
				CODE_SIGN_IDENTITY = "-";
				CURRENT_PROJECT_VERSION = 1;
				GENERATE_INFOPLIST_FILE = NO;
				INFOPLIST_FILE = VAExpressTolls/Info.plist;
				LD_RUNPATH_SEARCH_PATHS = (
					"$(inherited)",
					"@executable_path/Frameworks",
				);
				MARKETING_VERSION = 1.0;
				PRODUCT_BUNDLE_IDENTIFIER = com.normanau.vaExpressTolls;
				PRODUCT_NAME = VAExpressTolls;
				SDKROOT = iphoneos;
				TARGETED_DEVICE_FAMILY = "1,2";
			};
			name = Debug;
		};
		FEC2389701BAE19B901E14FE /* Release */ = {
			isa = XCBuildConfiguration;
			buildSettings = {
				BUNDLE_LOADER = "$(TEST_HOST)";
				CODE_SIGNING_REQUIRED = NO;
				CODE_SIGN_IDENTITY = "-";
				GENERATE_INFOPLIST_FILE = YES;
				LD_RUNPATH_SEARCH_PATHS = (
					"$(inherited)",
					"@executable_path/Frameworks",
					"@loader_path/Frameworks",
				);
				PRODUCT_BUNDLE_IDENTIFIER = com.normanau.vaExpressTolls.tests;
				SDKROOT = iphoneos;
				TARGETED_DEVICE_FAMILY = "1,2";
				TEST_HOST = "$(BUILT_PRODUCTS_DIR)/VAExpressTolls.app/VAExpressTolls";
			};
			name = Release;
		};
/* End XCBuildConfiguration section */

/* Begin XCConfigurationList section */
		2818039BC90D3A375101356B /* Build configuration list for PBXProject "VAExpressTolls" */ = {
			isa = XCConfigurationList;
			buildConfigurations = (
				6BC1902FB6458C963852BB0C /* Debug */,
				1CD8FCD5C6B10AC85D0E4FC7 /* Release */,
			);
			defaultConfigurationIsVisible = 0;
			defaultConfigurationName = Debug;
		};
		44C7B76F4D4698CD1FDC4996 /* Build configuration list for PBXNativeTarget "VAExpressTolls" */ = {
			isa = XCConfigurationList;
			buildConfigurations = (
				BE71F4D5E6AF4F1E16E73560 /* Debug */,
				0C1956529A241F28A29B918A /* Release */,
			);
			defaultConfigurationIsVisible = 0;
			defaultConfigurationName = Debug;
		};
		EA3FE9CA3CC5573563647FA5 /* Build configuration list for PBXNativeTarget "VAExpressTollsTests" */ = {
			isa = XCConfigurationList;
			buildConfigurations = (
				5BD560AF300510EA39D06A9B /* Debug */,
				FEC2389701BAE19B901E14FE /* Release */,
			);
			defaultConfigurationIsVisible = 0;
			defaultConfigurationName = Debug;
		};
/* End XCConfigurationList section */
	};
	rootObject = 04092B6E3816858EC5442AF6 /* Project object */;
}
